<?xml version="1.0" encoding="UTF-8" standalone="yes" ?>
<CodeBlocks_project_file>
	<FileVersion major="1" minor="6" />
	<Project>
		<Option title="launcher" />
		<Option pch_mode="2" />
		<Option compiler="ow" />
		<Build>
			<Target title="Debug">
				<Option output="bin\Debug\launcher" prefix_auto="1" extension_auto="1" />
				<Option object_output="obj\Debug\" />
				<Option type="0" />
				<Option compiler="ow" />
				<Compiler>
					<Add option="-ox" />
					<Add option="-os" />
					<Add option="-d2" />
					<Add option="-fpi" />
					<Add option="-4s" />
					<Add option="-cc" />
					<Add option="-dLAUNCHER" />
				</Compiler>
				<Linker>
					<Add library="..\gelibrt\Debug\gelibrt.lib" />
				</Linker>
			</Target>
			<Target title="Release">
				<Option output="bin\Release\launcher" prefix_auto="1" extension_auto="1" />
				<Option object_output="obj\Release\" />
				<Option type="0" />
				<Option compiler="ow" />
				<Compiler>
					<Add option="-ox" />
					<Add option="-ot" />
					<Add option="-bcl=windows" />
					<Add option="-cc" />
					<Add option="-dLAUNCHER" />
				</Compiler>
				<Linker>
					<Add library="..\gelibrt\Release\gelibrt.lib" />
				</Linker>
			</Target>
		</Build>
		<Compiler>
			<Add option="-wx" />
			<Add option="-bt=nt" />
		</Compiler>
		<Linker>
			<Add library="gdi32" />
			<Add library="user32" />
			<Add library="kernel32" />
		</Linker>
		<Unit filename="..\..\..\src\projects\launcher\launcher.c">
			<Option compilerVar="CC" />
		</Unit>
		<Extensions>
			<code_completion />
			<envvars />
			<debugger />
		</Extensions>
	</Project>
</CodeBlocks_project_file>
